// !$*UTF8*$!
{
	archiveVersion = 1;
	classes = {
	};
	objectVersion = 55;
	objects = {

/* Begin PBXBuildFile section */
		41C997302831E93F0058F203 /* AppDelegate.swift in Sources */ = {isa = PBXBuildFile; fileRef = 41C9972F2831E93F0058F203 /* AppDelegate.swift */; };
		41C997322831E93F0058F203 /* SceneDelegate.swift in Sources */ = {isa = PBXBuildFile; fileRef = 41C997312831E93F0058F203 /* SceneDelegate.swift */; };
		41C997342831E93F0058F203 /* ViewController.swift in Sources */ = {isa = PBXBuildFile; fileRef = 41C997332831E93F0058F203 /* ViewController.swift */; };
		41C997372831E93F0058F203 /* Main.storyboard in Resources */ = {isa = PBXBuildFile; fileRef = 41C997352831E93F0058F203 /* Main.storyboard */; };
		41C997392831E9410058F203 /* Assets.xcassets in Resources */ = {isa = PBXBuildFile; fileRef = 41C997382831E9410058F203 /* Assets.xcassets */; };
		41C9973C2831E9410058F203 /* LaunchScreen.storyboard in Resources */ = {isa = PBXBuildFile; fileRef = 41C9973A2831E9410058F203 /* LaunchScreen.storyboard */; };
		9BFEEBBB39CB6067CF282BF5 /* Pods_Eyeball.framework in Frameworks */ = {isa = PBXBuildFile; fileRef = E5BFAE0801F328ACF9F45C7C /* Pods_Eyeball.framework */; };
/* End PBXBuildFile section */

/* Begin PBXFileReference section */
		41C9972C2831E93F0058F203 /* Eyeball.app */ = {isa = PBXFileReference; explicitFileType = wrapper.application; includeInIndex = 0; path = Eyeball.app; sourceTree = BUILT_PRODUCTS_DIR; };
		41C9972F2831E93F0058F203 /* AppDelegate.swift */ = {isa = PBXFileReference; lastKnownFileType = sourcecode.swift; path = AppDelegate.swift; sourceTree = "<group>"; };
		41C997312831E93F0058F203 /* SceneDelegate.swift */ = {isa = PBXFileReference; lastKnownFileType = sourcecode.swift; path = SceneDelegate.swift; sourceTree = "<group>"; };
		41C997332831E93F0058F203 /* ViewController.swift */ = {isa = PBXFileReference; lastKnownFileType = sourcecode.swift; path = ViewController.swift; sourceTree = "<group>"; };
		41C997362831E93F0058F203 /* Base */ = {isa = PBXFileReference; lastKnownFileType = file.storyboard; name = Base; path = Base.lproj/Main.storyboard; sourceTree = "<group>"; };
		41C997382831E9410058F203 /* Assets.xcassets */ = {isa = PBXFileReference; lastKnownFileType = folder.assetcatalog; path = Assets.xcassets; sourceTree = "<group>"; };
		41C9973B2831E9410058F203 /* Base */ = {isa = PBXFileReference; lastKnownFileType = file.storyboard; name = Base; path = Base.lproj/LaunchScreen.storyboard; sourceTree = "<group>"; };
		41C9973D2831E9410058F203 /* Info.plist */ = {isa = PBXFileReference; lastKnownFileType = text.plist.xml; path = Info.plist; sourceTree = "<group>"; };
		699906C82D0905810D20A9D7 /* Pods-Eyeball.debug.xcconfig */ = {isa = PBXFileReference; includeInIndex = 1; lastKnownFileType = text.xcconfig; name = "Pods-Eyeball.debug.xcconfig"; path = "Target Support Files/Pods-Eyeball/Pods-Eyeball.debug.xcconfig"; sourceTree = "<group>"; };
		DD741F8870FBD724545C8BCC /* Pods-Eyeball.release.xcconfig */ = {isa = PBXFileReference; includeInIndex = 1; lastKnownFileType = text.xcconfig; name = "Pods-Eyeball.release.xcconfig"; path = "Target Support Files/Pods-Eyeball/Pods-Eyeball.release.xcconfig"; sourceTree = "<group>"; };
		E5BFAE0801F328ACF9F45C7C /* Pods_Eyeball.framework */ = {isa = PBXFileReference; explicitFileType = wrapper.framework; includeInIndex = 0; path = Pods_Eyeball.framework; sourceTree = BUILT_PRODUCTS_DIR; };
/* End PBXFileReference section */

/* Begin PBXFrameworksBuildPhase section */
		41C997292831E93F0058F203 /* Frameworks */ = {
			isa = PBXFrameworksBuildPhase;
			buildActionMask = 2147483647;
			files = (
				9BFEEBBB39CB6067CF282BF5 /* Pods_Eyeball.framework in Frameworks */,
			);
			runOnlyForDeploymentPostprocessing = 0;
		};
/* End PBXFrameworksBuildPhase section */

/* Begin PBXGroup section */
		41C997232831E93F0058F203 = {
			isa = PBXGroup;
			children = (
				41C9972E2831E93F0058F203 /* Eyeball */,
				41C9972D2831E93F0058F203 /* Products */,
				E50E2FF290FEECD7890201FC /* Pods */,
				5507A652E7DCC54F06C4D51B /* Frameworks */,
			);
			sourceTree = "<group>";
		};
		41C9972D2831E93F0058F203 /* Products */ = {
			isa = PBXGroup;
			children = (
				41C9972C2831E93F0058F203 /* Eyeball.app */,
			);
			name = Products;
			sourceTree = "<group>";
		};
		41C9972E2831E93F0058F203 /* Eyeball */ = {
			isa = PBXGroup;
			children = (
				41C9972F2831E93F0058F203 /* AppDelegate.swift */,
				41C997312831E93F0058F203 /* SceneDelegate.swift */,
				41C997332831E93F0058F203 /* ViewController.swift */,
				41C997352831E93F0058F203 /* Main.storyboard */,
				41C997382831E9410058F203 /* Assets.xcassets */,
				41C9973A2831E9410058F203 /* LaunchScreen.storyboard */,
				41C9973D2831E9410058F203 /* Info.plist */,
			);
			path = Eyeball;
			sourceTree = "<group>";
		};
		5507A652E7DCC54F06C4D51B /* Frameworks */ = {
			isa = PBXGroup;
			children = (
				E5BFAE0801F328ACF9F45C7C /* Pods_Eyeball.framework */,
			);
			name = Frameworks;
			sourceTree = "<group>";
		};
		E50E2FF290FEECD7890201FC /* Pods */ = {
			isa = PBXGroup;
			children = (
				699906C82D0905810D20A9D7 /* Pods-Eyeball.debug.xcconfig */,
				DD741F8870FBD724545C8BCC /* Pods-Eyeball.release.xcconfig */,
			);
			name = Pods;
			path = Pods;
			sourceTree = "<group>";
		};
/* End PBXGroup section */

/* Begin PBXNativeTarget section */
		41C9972B2831E93F0058F203 /* Eyeball */ = {
			isa = PBXNativeTarget;
			buildConfigurationList = 41C997402831E9410058F203 /* Build configuration list for PBXNativeTarget "Eyeball" */;
			buildPhases = (
				C24E99A213C9190A45A2D443 /* [CP] Check Pods Manifest.lock */,
				41C997282831E93F0058F203 /* Sources */,
				41C997292831E93F0058F203 /* Frameworks */,
				41C9972A2831E93F0058F203 /* Resources */,
				8CB2E065556B1BCFD1619CBD /* [CP] Embed Pods Frameworks */,
			);
			buildRules = (
			);
			dependencies = (
			);
			name = Eyeball;
			productName = Eyeball;
			productReference = 41C9972C2831E93F0058F203 /* Eyeball.app */;
			productType = "com.apple.product-type.application";
		};
/* End PBXNativeTarget section */

/* Begin PBXProject section */
		41C997242831E93F0058F203 /* Project object */ = {
			isa = PBXProject;
			attributes = {
				BuildIndependentTargetsInParallel = 1;
				LastSwiftUpdateCheck = 1330;
				LastUpgradeCheck = 1330;
				TargetAttributes = {
					41C9972B2831E93F0058F203 = {
						CreatedOnToolsVersion = 13.3.1;
					};
				};
			};
			buildConfigurationList = 41C997272831E93F0058F203 /* Build configuration list for PBXProject "Eyeball" */;
			compatibilityVersion = "Xcode 13.0";
			developmentRegion = en;
			hasScannedForEncodings = 0;
			knownRegions = (
				en,
				Base,
			);
			mainGroup = 41C997232831E93F0058F203;
			productRefGroup = 41C9972D2831E93F0058F203 /* Products */;
			projectDirPath = "";
			projectRoot = "";
			targets = (
				41C9972B2831E93F0058F203 /* Eyeball */,
			);
		};
/* End PBXProject section */

/* Begin PBXResourcesBuildPhase section */
		41C9972A2831E93F0058F203 /* Resources */ = {
			isa = PBXResourcesBuildPhase;
			buildActionMask = 2147483647;
			files = (
				41C9973C2831E9410058F203 /* LaunchScreen.storyboard in Resources */,
				41C997392831E9410058F203 /* Assets.xcassets in Resources */,
				41C997372831E93F0058F203 /* Main.storyboard in Resources */,
			);
			runOnlyForDeploymentPostprocessing = 0;
		};
/* End PBXResourcesBuildPhase section */

/* Begin PBXShellScriptBuildPhase section */
		8CB2E065556B1BCFD1619CBD /* [CP] Embed Pods Frameworks */ = {
			isa = PBXShellScriptBuildPhase;
			buildActionMask = 2147483647;
			files = (
			);
			inputFileListPaths = (
				"${PODS_ROOT}/Target Support Files/Pods-Eyeball/Pods-Eyeball-frameworks-${CONFIGURATION}-input-files.xcfilelist",
			);
			name = "[CP] Embed Pods Frameworks";
			outputFileListPaths = (
				"${PODS_ROOT}/Target Support Files/Pods-Eyeball/Pods-Eyeball-frameworks-${CONFIGURATION}-output-files.xcfilelist",
			);
			runOnlyForDeploymentPostprocessing = 0;
			shellPath = /bin/sh;
			shellScript = "\"${PODS_ROOT}/Target Support Files/Pods-Eyeball/Pods-Eyeball-frameworks.sh\"\n";
			showEnvVarsInLog = 0;
		};
		C24E99A213C9190A45A2D443 /* [CP] Check Pods Manifest.lock */ = {
			isa = PBXShellScriptBuildPhase;
			buildActionMask = 2147483647;
			files = (
			);
			inputFileListPaths = (
			);
			inputPaths = (
				"${PODS_PODFILE_DIR_PATH}/Podfile.lock",
				"${PODS_ROOT}/Manifest.lock",
			);
			name = "[CP] Check Pods Manifest.lock";
			outputFileListPaths = (
			);
			outputPaths = (
				"$(DERIVED_FILE_DIR)/Pods-Eyeball-checkManifestLockResult.txt",
			);
			runOnlyForDeploymentPostprocessing = 0;
			shellPath = /bin/sh;
			shellScript = "diff \"${PODS_PODFILE_DIR_PATH}/Podfile.lock\" \"${PODS_ROOT}/Manifest.lock\" > /dev/null\nif [ $? != 0 ] ; then\n    # print error to STDERR\n    echo \"error: The sandbox is not in sync with the Podfile.lock. Run 'pod install' or update your CocoaPods installation.\" >&2\n    exit 1\nfi\n# This output is used by Xcode 'outputs' to avoid re-running this script phase.\necho \"SUCCESS\" > \"${SCRIPT_OUTPUT_FILE_0}\"\n";
			showEnvVarsInLog = 0;
		};
/* End PBXShellScriptBuildPhase section */

/* Begin PBXSourcesBuildPhase section */
		41C997282831E93F0058F203 /* Sources */ = {
			isa = PBXSourcesBuildPhase;
			buildActionMask = 2147483647;
			files = (
				41C997342831E93F0058F203 /* ViewController.swift in Sources */,
				41C997302831E93F0058F203 /* AppDelegate.swift in Sources */,
				41C997322831E93F0058F203 /* SceneDelegate.swift in Sources */,
			);
			runOnlyForDeploymentPostprocessing = 0;
		};
/* End PBXSourcesBuildPhase section */

/* Begin PBXVariantGroup section */
		41C997352831E93F0058F203 /* Main.storyboard */ = {
			isa = PBXVariantGroup;
			children = (
				41C997362831E93F0058F203 /* Base */,
			);
			name = Main.storyboard;
			sourceTree = "<group>";
		};
		41C9973A2831E9410058F203 /* LaunchScreen.storyboard */ = {
			isa = PBXVariantGroup;
			children = (
				41C9973B2831E9410058F203 /* Base */,
			);
			name = LaunchScreen.storyboard;
			sourceTree = "<group>";
		};
/* End PBXVariantGroup section */

/* Begin XCBuildConfiguration section */
		41C9973E2831E9410058F203 /* Debug */ = {
			isa = XCBuildConfiguration;
			buildSettings = {
				ALWAYS_SEARCH_USER_PATHS = NO;
				CLANG_ANALYZER_NONNULL = YES;
				CLANG_ANALYZER_NUMBER_OBJECT_CONVERSION = YES_AGGRESSIVE;
				CLANG_CXX_LANGUAGE_STANDARD = "gnu++17";
				CLANG_ENABLE_MODULES = YES;
				CLANG_ENABLE_OBJC_ARC = YES;
				CLANG_ENABLE_OBJC_WEAK = YES;
				CLANG_WARN_BLOCK_CAPTURE_AUTORELEASING = YES;
				CLANG_WARN_BOOL_CONVERSION = YES;
				CLANG_WARN_COMMA = YES;
				CLANG_WARN_CONSTANT_CONVERSION = YES;
				CLANG_WARN_DEPRECATED_OBJC_IMPLEMENTATIONS = YES;
				CLANG_WARN_DIRECT_OBJC_ISA_USAGE = YES_ERROR;
				CLANG_WARN_DOCUMENTATION_COMMENTS = YES;
				CLANG_WARN_EMPTY_BODY = YES;
				CLANG_WARN_ENUM_CONVERSION = YES;
				CLANG_WARN_INFINITE_RECURSION = YES;
				CLANG_WARN_INT_CONVERSION = YES;
				CLANG_WARN_NON_LITERAL_NULL_CONVERSION = YES;
				CLANG_WARN_OBJC_IMPLICIT_RETAIN_SELF = YES;
				CLANG_WARN_OBJC_LITERAL_CONVERSION = YES;
				CLANG_WARN_OBJC_ROOT_CLASS = YES_ERROR;
				CLANG_WARN_QUOTED_INCLUDE_IN_FRAMEWORK_HEADER = YES;
				CLANG_WARN_RANGE_LOOP_ANALYSIS = YES;
				CLANG_WARN_STRICT_PROTOTYPES = YES;
				CLANG_WARN_SUSPICIOUS_MOVE = YES;
				CLANG_WARN_UNGUARDED_AVAILABILITY = YES_AGGRESSIVE;
				CLANG_WARN_UNREACHABLE_CODE = YES;
				CLANG_WARN__DUPLICATE_METHOD_MATCH = YES;
				COPY_PHASE_STRIP = NO;
				DEBUG_INFORMATION_FORMAT = dwarf;
				ENABLE_STRICT_OBJC_MSGSEND = YES;
				ENABLE_TESTABILITY = YES;
				GCC_C_LANGUAGE_STANDARD = gnu11;
				GCC_DYNAMIC_NO_PIC = NO;
				GCC_NO_COMMON_BLOCKS = YES;
				GCC_OPTIMIZATION_LEVEL = 0;
				GCC_PREPROCESSOR_DEFINITIONS = (
					"DEBUG=1",
					"$(inherited)",
				);
				GCC_WARN_64_TO_32_BIT_CONVERSION = YES;
				GCC_WARN_ABOUT_RETURN_TYPE = YES_ERROR;
				GCC_WARN_UNDECLARED_SELECTOR = YES;
				GCC_WARN_UNINITIALIZED_AUTOS = YES_AGGRESSIVE;
				GCC_WARN_UNUSED_FUNCTION = YES;
				GCC_WARN_UNUSED_VARIABLE = YES;
				IPHONEOS_DEPLOYMENT_TARGET = 15.4;
				MTL_ENABLE_DEBUG_INFO = INCLUDE_SOURCE;
				MTL_FAST_MATH = YES;
				ONLY_ACTIVE_ARCH = YES;
				SDKROOT = iphoneos;
				SWIFT_ACTIVE_COMPILATION_CONDITIONS = DEBUG;
				SWIFT_OPTIMIZATION_LEVEL = "-Onone";
			};
			name = Debug;
		};
		41C9973F2831E9410058F203 /* Release */ = {
			isa = XCBuildConfiguration;
			buildSettings = {
				ALWAYS_SEARCH_USER_PATHS = NO;
				CLANG_ANALYZER_NONNULL = YES;
				CLANG_ANALYZER_NUMBER_OBJECT_CONVERSION = YES_AGGRESSIVE;
				CLANG_CXX_LANGUAGE_STANDARD = "gnu++17";
				CLANG_ENABLE_MODULES = YES;
				CLANG_ENABLE_OBJC_ARC = YES;
				CLANG_ENABLE_OBJC_WEAK = YES;
				CLANG_WARN_BLOCK_CAPTURE_AUTORELEASING = YES;
				CLANG_WARN_BOOL_CONVERSION = YES;
				CLANG_WARN_COMMA = YES;
				CLANG_WARN_CONSTANT_CONVERSION = YES;
				CLANG_WARN_DEPRECATED_OBJC_IMPLEMENTATIONS = YES;
				CLANG_WARN_DIRECT_OBJC_ISA_USAGE = YES_ERROR;
				CLANG_WARN_DOCUMENTATION_COMMENTS = YES;
				CLANG_WARN_EMPTY_BODY = YES;
				CLANG_WARN_ENUM_CONVERSION = YES;
				CLANG_WARN_INFINITE_RECURSION = YES;
				CLANG_WARN_INT_CONVERSION = YES;
				CLANG_WARN_NON_LITERAL_NULL_CONVERSION = YES;
				CLANG_WARN_OBJC_IMPLICIT_RETAIN_SELF = YES;
				CLANG_WARN_OBJC_LITERAL_CONVERSION = YES;
				CLANG_WARN_OBJC_ROOT_CLASS = YES_ERROR;
				CLANG_WARN_QUOTED_INCLUDE_IN_FRAMEWORK_HEADER = YES;
				CLANG_WARN_RANGE_LOOP_ANALYSIS = YES;
				CLANG_WARN_STRICT_PROTOTYPES = YES;
				CLANG_WARN_SUSPICIOUS_MOVE = YES;
				CLANG_WARN_UNGUARDED_AVAILABILITY = YES_AGGRESSIVE;
				CLANG_WARN_UNREACHABLE_CODE = YES;
				CLANG_WARN__DUPLICATE_METHOD_MATCH = YES;
				COPY_PHASE_STRIP = NO;
				DEBUG_INFORMATION_FORMAT = "dwarf-with-dsym";
				ENABLE_NS_ASSERTIONS = NO;
				ENABLE_STRICT_OBJC_MSGSEND = YES;
				GCC_C_LANGUAGE_STANDARD = gnu11;
				GCC_NO_COMMON_BLOCKS = YES;
				GCC_WARN_64_TO_32_BIT_CONVERSION = YES;
				GCC_WARN_ABOUT_RETURN_TYPE = YES_ERROR;
				GCC_WARN_UNDECLARED_SELECTOR = YES;
				GCC_WARN_UNINITIALIZED_AUTOS = YES_AGGRESSIVE;
				GCC_WARN_UNUSED_FUNCTION = YES;
				GCC_WARN_UNUSED_VARIABLE = YES;
				IPHONEOS_DEPLOYMENT_TARGET = 15.4;
				MTL_ENABLE_DEBUG_INFO = NO;
				MTL_FAST_MATH = YES;
				SDKROOT = iphoneos;
				SWIFT_COMPILATION_MODE = wholemodule;
				SWIFT_OPTIMIZATION_LEVEL = "-O";
				VALIDATE_PRODUCT = YES;
			};
			name = Release;
		};
		41C997412831E9410058F203 /* Debug */ = {
			isa = XCBuildConfiguration;
			baseConfigurationReference = 699906C82D0905810D20A9D7 /* Pods-Eyeball.debug.xcconfig */;
			buildSettings = {
				ASSETCATALOG_COMPILER_APPICON_NAME = AppIcon;
				ASSETCATALOG_COMPILER_GLOBAL_ACCENT_COLOR_NAME = AccentColor;
				CODE_SIGN_STYLE = Automatic;
				CURRENT_PROJECT_VERSION = 1;
				DEVELOPMENT_TEAM = PVC674W89Q;
				GENERATE_INFOPLIST_FILE = YES;
				INFOPLIST_FILE = Eyeball/Info.plist;
				INFOPLIST_KEY_UIApplicationSupportsIndirectInputEvents = YES;
				INFOPLIST_KEY_UILaunchStoryboardName = LaunchScreen;
				INFOPLIST_KEY_UIMainStoryboardFile = Main;
				INFOPLIST_KEY_UISupportedInterfaceOrientations_iPad = "UIInterfaceOrientationPortrait UIInterfaceOrientationPortraitUpsideDown UIInterfaceOrientationLandscapeLeft UIInterfaceOrientationLandscapeRight";
				INFOPLIST_KEY_UISupportedInterfaceOrientations_iPhone = "UIInterfaceOrientationPortrait UIInterfaceOrientationLandscapeLeft UIInterfaceOrientationLandscapeRight";
				LD_RUNPATH_SEARCH_PATHS = (
					"$(inherited)",
					"@executable_path/Frameworks",
				);
				MARKETING_VERSION = 1.0;
				PRODUCT_BUNDLE_IDENTIFIER = com.qiu.bytedance.Eyeball;
				PRODUCT_NAME = "$(TARGET_NAME)";
				SWIFT_EMIT_LOC_STRINGS = YES;
				SWIFT_VERSION = 5.0;
				TARGETED_DEVICE_FAMILY = "1,2";
			};
			name = Debug;
		};
		41C997422831E9410058F203 /* Release */ = {
			isa = XCBuildConfiguration;
			baseConfigurationReference = DD741F8870FBD724545C8BCC /* Pods-Eyeball.release.xcconfig */;
			buildSettings = {
				ASSETCATALOG_COMPILER_APPICON_NAME = AppIcon;
				ASSETCATALOG_COMPILER_GLOBAL_ACCENT_COLOR_NAME = AccentColor;
				CODE_SIGN_STYLE = Automatic;
				CURRENT_PROJECT_VERSION = 1;
				DEVELOPMENT_TEAM = PVC674W89Q;
				GENERATE_INFOPLIST_FILE = YES;
				INFOPLIST_FILE = Eyeball/Info.plist;
				INFOPLIST_KEY_UIApplicationSupportsIndirectInputEvents = YES;
				INFOPLIST_KEY_UILaunchStoryboardName = LaunchScreen;
				INFOPLIST_KEY_UIMainStoryboardFile = Main;
				INFOPLIST_KEY_UISupportedInterfaceOrientations_iPad = "UIInterfaceOrientationPortrait UIInterfaceOrientationPortraitUpsideDown UIInterfaceOrientationLandscapeLeft UIInterfaceOrientationLandscapeRight";
				INFOPLIST_KEY_UISupportedInterfaceOrientations_iPhone = "UIInterfaceOrientationPortrait UIInterfaceOrientationLandscapeLeft UIInterfaceOrientationLandscapeRight";
				LD_RUNPATH_SEARCH_PATHS = (
					"$(inherited)",
					"@executable_path/Frameworks",
				);
				MARKETING_VERSION = 1.0;
				PRODUCT_BUNDLE_IDENTIFIER = com.qiu.bytedance.Eyeball;
				PRODUCT_NAME = "$(TARGET_NAME)";
				SWIFT_EMIT_LOC_STRINGS = YES;
				SWIFT_VERSION = 5.0;
				TARGETED_DEVICE_FAMILY = "1,2";
			};
			name = Release;
		};
/* End XCBuildConfiguration section */

/* Begin XCConfigurationList section */
		41C997272831E93F0058F203 /* Build configuration list for PBXProject "Eyeball" */ = {
			isa = XCConfigurationList;
			buildConfigurations = (
				41C9973E2831E9410058F203 /* Debug */,
				41C9973F2831E9410058F203 /* Release */,
			);
			defaultConfigurationIsVisible = 0;
			defaultConfigurationName = Release;
		};
		41C997402831E9410058F203 /* Build configuration list for PBXNativeTarget "Eyeball" */ = {
			isa = XCConfigurationList;
			buildConfigurations = (
				41C997412831E9410058F203 /* Debug */,
				41C997422831E9410058F203 /* Release */,
			);
			defaultConfigurationIsVisible = 0;
			defaultConfigurationName = Release;
		};
/* End XCConfigurationList section */
	};
	rootObject = 41C997242831E93F0058F203 /* Project object */;
}
